
Microsoft Visual Studio Solution File, Format Version 12.00
# Visual Studio Version 17
VisualStudioVersion = 17.2.32526.322
MinimumVisualStudioVersion = 10.0.40219.1
Project("{FAE04EC0-301F-11D3-BF4B-00C04F79EFBC}") = "prueba visual.Android", "prueba visual.Android\prueba visual.Android.csproj", "{2A4D22E4-1C66-42B5-B220-0098D7F41067}"
EndProject
Project("{FAE04EC0-301F-11D3-BF4B-00C04F79EFBC}") = "prueba visual.iOS", "prueba visual.iOS\prueba visual.iOS.csproj", "{95DF15F0-BB6A-4026-95ED-006EEFFAF4DC}"
EndProject
Project("{FAE04EC0-301F-11D3-BF4B-00C04F79EFBC}") = "prueba visual", "prueba visual\prueba visual.csproj", "{84A3CEA1-000E-4C73-9ADD-AB65F3FB97C6}"
EndProject
Global
	GlobalSection(SolutionConfigurationPlatforms) = preSolution
		Debug|Any CPU = Debug|Any CPU
		Debug|iPhone = Debug|iPhone
		Debug|iPhoneSimulator = Debug|iPhoneSimulator
		Release|Any CPU = Release|Any CPU
		Release|iPhone = Release|iPhone
		Release|iPhoneSimulator = Release|iPhoneSimulator
	EndGlobalSection
	GlobalSection(ProjectConfigurationPlatforms) = postSolution
		{2A4D22E4-1C66-42B5-B220-0098D7F41067}.Debug|Any CPU.ActiveCfg = Debug|Any CPU
		{2A4D22E4-1C66-42B5-B220-0098D7F41067}.Debug|Any CPU.Build.0 = Debug|Any CPU
		{2A4D22E4-1C66-42B5-B220-0098D7F41067}.Debug|Any CPU.Deploy.0 = Debug|Any CPU
		{2A4D22E4-1C66-42B5-B220-0098D7F41067}.Debug|iPhone.ActiveCfg = Debug|Any CPU
		{2A4D22E4-1C66-42B5-B220-0098D7F41067}.Debug|iPhone.Build.0 = Debug|Any CPU
		{2A4D22E4-1C66-42B5-B220-0098D7F41067}.Debug|iPhone.Deploy.0 = Debug|Any CPU
		{2A4D22E4-1C66-42B5-B220-0098D7F41067}.Debug|iPhoneSimulator.ActiveCfg = Debug|Any CPU
		{2A4D22E4-1C66-42B5-B220-0098D7F41067}.Debug|iPhoneSimulator.Build.0 = Debug|Any CPU
		{2A4D22E4-1C66-42B5-B220-0098D7F41067}.Debug|iPhoneSimulator.Deploy.0 = Debug|Any CPU
		{2A4D22E4-1C66-42B5-B220-0098D7F41067}.Release|Any CPU.ActiveCfg = Release|Any CPU
		{2A4D22E4-1C66-42B5-B220-0098D7F41067}.Release|Any CPU.Build.0 = Release|Any CPU
		{2A4D22E4-1C66-42B5-B220-0098D7F41067}.Release|Any CPU.Deploy.0 = Release|Any CPU
		{2A4D22E4-1C66-42B5-B220-0098D7F41067}.Release|iPhone.ActiveCfg = Release|Any CPU
		{2A4D22E4-1C66-42B5-B220-0098D7F41067}.Release|iPhone.Build.0 = Release|Any CPU
		{2A4D22E4-1C66-42B5-B220-0098D7F41067}.Release|iPhone.Deploy.0 = Release|Any CPU
		{2A4D22E4-1C66-42B5-B220-0098D7F41067}.Release|iPhoneSimulator.ActiveCfg = Release|Any CPU
		{2A4D22E4-1C66-42B5-B220-0098D7F41067}.Release|iPhoneSimulator.Build.0 = Release|Any CPU
		{2A4D22E4-1C66-42B5-B220-0098D7F41067}.Release|iPhoneSimulator.Deploy.0 = Release|Any CPU
		{95DF15F0-BB6A-4026-95ED-006EEFFAF4DC}.Debug|Any CPU.ActiveCfg = Debug|iPhone
		{95DF15F0-BB6A-4026-95ED-006EEFFAF4DC}.Debug|Any CPU.Build.0 = Debug|iPhone
		{95DF15F0-BB6A-4026-95ED-006EEFFAF4DC}.Debug|Any CPU.Deploy.0 = Debug|iPhone
		{95DF15F0-BB6A-4026-95ED-006EEFFAF4DC}.Debug|iPhone.ActiveCfg = Debug|iPhone
		{95DF15F0-BB6A-4026-95ED-006EEFFAF4DC}.Debug|iPhone.Build.0 = Debug|iPhone
		{95DF15F0-BB6A-4026-95ED-006EEFFAF4DC}.Debug|iPhone.Deploy.0 = Debug|iPhone
		{95DF15F0-BB6A-4026-95ED-006EEFFAF4DC}.Debug|iPhoneSimulator.ActiveCfg = Debug|iPhoneSimulator
		{95DF15F0-BB6A-4026-95ED-006EEFFAF4DC}.Debug|iPhoneSimulator.Build.0 = Debug|iPhoneSimulator
		{95DF15F0-BB6A-4026-95ED-006EEFFAF4DC}.Debug|iPhoneSimulator.Deploy.0 = Debug|iPhoneSimulator
		{95DF15F0-BB6A-4026-95ED-006EEFFAF4DC}.Release|Any CPU.ActiveCfg = Release|iPhoneSimulator
		{95DF15F0-BB6A-4026-95ED-006EEFFAF4DC}.Release|Any CPU.Build.0 = Release|iPhoneSimulator
		{95DF15F0-BB6A-4026-95ED-006EEFFAF4DC}.Release|Any CPU.Deploy.0 = Release|iPhoneSimulator
		{95DF15F0-BB6A-4026-95ED-006EEFFAF4DC}.Release|iPhone.ActiveCfg = Release|iPhone
		{95DF15F0-BB6A-4026-95ED-006EEFFAF4DC}.Release|iPhone.Build.0 = Release|iPhone
		{95DF15F0-BB6A-4026-95ED-006EEFFAF4DC}.Release|iPhone.Deploy.0 = Release|iPhone
		{95DF15F0-BB6A-4026-95ED-006EEFFAF4DC}.Release|iPhoneSimulator.ActiveCfg = Release|iPhoneSimulator
		{95DF15F0-BB6A-4026-95ED-006EEFFAF4DC}.Release|iPhoneSimulator.Build.0 = Release|iPhoneSimulator
		{95DF15F0-BB6A-4026-95ED-006EEFFAF4DC}.Release|iPhoneSimulator.Deploy.0 = Release|iPhoneSimulator
		{84A3CEA1-000E-4C73-9ADD-AB65F3FB97C6}.Debug|Any CPU.ActiveCfg = Debug|Any CPU
		{84A3CEA1-000E-4C73-9ADD-AB65F3FB97C6}.Debug|Any CPU.Build.0 = Debug|Any CPU
		{84A3CEA1-000E-4C73-9ADD-AB65F3FB97C6}.Debug|Any CPU.Deploy.0 = Debug|Any CPU
		{84A3CEA1-000E-4C73-9ADD-AB65F3FB97C6}.Debug|iPhone.ActiveCfg = Debug|Any CPU
		{84A3CEA1-000E-4C73-9ADD-AB65F3FB97C6}.Debug|iPhone.Build.0 = Debug|Any CPU
		{84A3CEA1-000E-4C73-9ADD-AB65F3FB97C6}.Debug|iPhone.Deploy.0 = Debug|Any CPU
		{84A3CEA1-000E-4C73-9ADD-AB65F3FB97C6}.Debug|iPhoneSimulator.ActiveCfg = Debug|Any CPU
		{84A3CEA1-000E-4C73-9ADD-AB65F3FB97C6}.Debug|iPhoneSimulator.Build.0 = Debug|Any CPU
		{84A3CEA1-000E-4C73-9ADD-AB65F3FB97C6}.Debug|iPhoneSimulator.Deploy.0 = Debug|Any CPU
		{84A3CEA1-000E-4C73-9ADD-AB65F3FB97C6}.Release|Any CPU.ActiveCfg = Release|Any CPU
		{84A3CEA1-000E-4C73-9ADD-AB65F3FB97C6}.Release|Any CPU.Build.0 = Release|Any CPU
		{84A3CEA1-000E-4C73-9ADD-AB65F3FB97C6}.Release|Any CPU.Deploy.0 = Release|Any CPU
		{84A3CEA1-000E-4C73-9ADD-AB65F3FB97C6}.Release|iPhone.ActiveCfg = Release|Any CPU
		{84A3CEA1-000E-4C73-9ADD-AB65F3FB97C6}.Release|iPhone.Build.0 = Release|Any CPU
		{84A3CEA1-000E-4C73-9ADD-AB65F3FB97C6}.Release|iPhone.Deploy.0 = Release|Any CPU
		{84A3CEA1-000E-4C73-9ADD-AB65F3FB97C6}.Release|iPhoneSimulator.ActiveCfg = Release|Any CPU
		{84A3CEA1-000E-4C73-9ADD-AB65F3FB97C6}.Release|iPhoneSimulator.Build.0 = Release|Any CPU
		{84A3CEA1-000E-4C73-9ADD-AB65F3FB97C6}.Release|iPhoneSimulator.Deploy.0 = Release|Any CPU
	EndGlobalSection
	GlobalSection(SolutionProperties) = preSolution
		HideSolutionNode = FALSE
	EndGlobalSection
	GlobalSection(ExtensibilityGlobals) = postSolution
		SolutionGuid = {FC1965FC-199D-4C26-83A4-93C870322127}
	EndGlobalSection
EndGlobal
